
Microsoft Visual Studio Solution File, Format Version 12.00
# Visual Studio Version 17
VisualStudioVersion = 17.3.32922.545
MinimumVisualStudioVersion = 10.0.40219.1
Project("{FAE04EC0-301F-11D3-BF4B-00C04F79EFBC}") = "my_hw_bilgi_yarismasi", "my_hw_bilgi_yarismasi\my_hw_bilgi_yarismasi.csproj", "{B27D7B00-6BC8-4AD4-8F11-5AD44085AC82}"
EndProject
Global
	GlobalSection(SolutionConfigurationPlatforms) = preSolution
		Debug|Any CPU = Debug|Any CPU
		Release|Any CPU = Release|Any CPU
	EndGlobalSection
	GlobalSection(ProjectConfigurationPlatforms) = postSolution
		{B27D7B00-6BC8-4AD4-8F11-5AD44085AC82}.Debug|Any CPU.ActiveCfg = Debug|Any CPU
		{B27D7B00-6BC8-4AD4-8F11-5AD44085AC82}.Debug|Any CPU.Build.0 = Debug|Any CPU
		{B27D7B00-6BC8-4AD4-8F11-5AD44085AC82}.Release|Any CPU.ActiveCfg = Release|Any CPU
		{B27D7B00-6BC8-4AD4-8F11-5AD44085AC82}.Release|Any CPU.Build.0 = Release|Any CPU
	EndGlobalSection
	GlobalSection(SolutionProperties) = preSolution
		HideSolutionNode = FALSE
	EndGlobalSection
	GlobalSection(ExtensibilityGlobals) = postSolution
		SolutionGuid = {0771ACEF-1106-4385-96F0-A92D70212107}
	EndGlobalSection
EndGlobal
